
Microsoft Visual Studio Solution File, Format Version 12.00
# Visual Studio Version 16
VisualStudioVersion = 16.0.31105.61
MinimumVisualStudioVersion = 10.0.40219.1
Project("{FAE04EC0-301F-11D3-BF4B-00C04F79EFBC}") = "ConsoleApp1", "ConsoleApp1.csproj", "{8CE7F9BA-F8CE-4383-BBE5-0D9520A22325}"
EndProject
Project("{FAE04EC0-301F-11D3-BF4B-00C04F79EFBC}") = "ClassLibrary1", "..\ClassLibrary1\ClassLibrary1.csproj", "{81B3D521-E40C-4606-8B30-E5B4C24CFB2B}"
EndProject
Global
	GlobalSection(SolutionConfigurationPlatforms) = preSolution
		Debug|Any CPU = Debug|Any CPU
		Release|Any CPU = Release|Any CPU
	EndGlobalSection
	GlobalSection(ProjectConfigurationPlatforms) = postSolution
		{8CE7F9BA-F8CE-4383-BBE5-0D9520A22325}.Debug|Any CPU.ActiveCfg = Debug|Any CPU
		{8CE7F9BA-F8CE-4383-BBE5-0D9520A22325}.Debug|Any CPU.Build.0 = Debug|Any CPU
		{8CE7F9BA-F8CE-4383-BBE5-0D9520A22325}.Release|Any CPU.ActiveCfg = Release|Any CPU
		{8CE7F9BA-F8CE-4383-BBE5-0D9520A22325}.Release|Any CPU.Build.0 = Release|Any CPU
		{81B3D521-E40C-4606-8B30-E5B4C24CFB2B}.Debug|Any CPU.ActiveCfg = Debug|Any CPU
		{81B3D521-E40C-4606-8B30-E5B4C24CFB2B}.Debug|Any CPU.Build.0 = Debug|Any CPU
		{81B3D521-E40C-4606-8B30-E5B4C24CFB2B}.Release|Any CPU.ActiveCfg = Release|Any CPU
		{81B3D521-E40C-4606-8B30-E5B4C24CFB2B}.Release|Any CPU.Build.0 = Release|Any CPU
	EndGlobalSection
	GlobalSection(SolutionProperties) = preSolution
		HideSolutionNode = FALSE
	EndGlobalSection
	GlobalSection(ExtensibilityGlobals) = postSolution
		SolutionGuid = {BCAE6297-C6FA-449E-A367-3EC7EA63D801}
	EndGlobalSection
EndGlobal
