
Microsoft Visual Studio Solution File, Format Version 12.00
# Visual Studio Version 16
VisualStudioVersion = 16.0.31105.61
MinimumVisualStudioVersion = 10.0.40219.1
Project("{FAE04EC0-301F-11D3-BF4B-00C04F79EFBC}") = "Eventsdemo", "Eventsdemo\Eventsdemo.csproj", "{5FBC0122-CF3A-4A55-A11B-0FFB5DAEE66E}"
EndProject
Global
	GlobalSection(SolutionConfigurationPlatforms) = preSolution
		Debug|Any CPU = Debug|Any CPU
		Release|Any CPU = Release|Any CPU
	EndGlobalSection
	GlobalSection(ProjectConfigurationPlatforms) = postSolution
		{5FBC0122-CF3A-4A55-A11B-0FFB5DAEE66E}.Debug|Any CPU.ActiveCfg = Debug|Any CPU
		{5FBC0122-CF3A-4A55-A11B-0FFB5DAEE66E}.Debug|Any CPU.Build.0 = Debug|Any CPU
		{5FBC0122-CF3A-4A55-A11B-0FFB5DAEE66E}.Release|Any CPU.ActiveCfg = Release|Any CPU
		{5FBC0122-CF3A-4A55-A11B-0FFB5DAEE66E}.Release|Any CPU.Build.0 = Release|Any CPU
	EndGlobalSection
	GlobalSection(SolutionProperties) = preSolution
		HideSolutionNode = FALSE
	EndGlobalSection
	GlobalSection(ExtensibilityGlobals) = postSolution
		SolutionGuid = {C693A0B3-1430-48A6-B87C-4DDA7A7780A6}
	EndGlobalSection
EndGlobal
